Microsoft Visual Studio Solution File, Format Version 11.00
# Visual Studio 2008

Project("{8C17AA95-55DC-1ADD-8DDA-6A4DA05AF247}") = "ludum34", "Assembly-CSharp.csproj", "{F2604C83-7327-F659-C833-BBAC3EE3BE74}"
EndProject
Global
	GlobalSection(SolutionConfigurationPlatforms) = preSolution
		Debug|Any CPU = Debug|Any CPU
		Release|Any CPU = Release|Any CPU
	EndGlobalSection
	GlobalSection(ProjectConfigurationPlatforms) = postSolution
		{F2604C83-7327-F659-C833-BBAC3EE3BE74}.Debug|Any CPU.ActiveCfg = Debug|Any CPU
		{F2604C83-7327-F659-C833-BBAC3EE3BE74}.Debug|Any CPU.Build.0 = Debug|Any CPU
		{F2604C83-7327-F659-C833-BBAC3EE3BE74}.Release|Any CPU.ActiveCfg = Release|Any CPU
		{F2604C83-7327-F659-C833-BBAC3EE3BE74}.Release|Any CPU.Build.0 = Release|Any CPU
	EndGlobalSection
	GlobalSection(SolutionProperties) = preSolution
		HideSolutionNode = FALSE
	EndGlobalSection
	GlobalSection(MonoDevelopProperties) = preSolution
		StartupItem = Assembly-CSharp.csproj
	EndGlobalSection
EndGlobal
